// !$*UTF8*$!
{
	archiveVersion = 1;
	classes = {
	};
	objectVersion = 50;
	objects = {

/* Begin PBXBuildFile section */
		22FA2B21229022B2EBEBCFF6 /* Pods_SKTTUITests.framework in Frameworks */ = {isa = PBXBuildFile; fileRef = 020650CE7A18388A17F2CF97 /* Pods_SKTTUITests.framework */; };
		4E1DAF30229F5FE3007D63A8 /* AppDelegate.swift in Sources */ = {isa = PBXBuildFile; fileRef = 4E1DAF2F229F5FE3007D63A8 /* AppDelegate.swift */; };
		4E1DAF32229F5FE3007D63A8 /* ViewController.swift in Sources */ = {isa = PBXBuildFile; fileRef = 4E1DAF31229F5FE3007D63A8 /* ViewController.swift */; };
		4E1DAF35229F5FE3007D63A8 /* Main.storyboard in Resources */ = {isa = PBXBuildFile; fileRef = 4E1DAF33229F5FE3007D63A8 /* Main.storyboard */; };
		4E1DAF37229F5FE4007D63A8 /* Assets.xcassets in Resources */ = {isa = PBXBuildFile; fileRef = 4E1DAF36229F5FE4007D63A8 /* Assets.xcassets */; };
		4E1DAF3A229F5FE4007D63A8 /* LaunchScreen.storyboard in Resources */ = {isa = PBXBuildFile; fileRef = 4E1DAF38229F5FE4007D63A8 /* LaunchScreen.storyboard */; };
		4E1DAF45229F5FE4007D63A8 /* SKTTTests.swift in Sources */ = {isa = PBXBuildFile; fileRef = 4E1DAF44229F5FE4007D63A8 /* SKTTTests.swift */; };
		4E1DAF50229F5FE4007D63A8 /* SKTTUITests.swift in Sources */ = {isa = PBXBuildFile; fileRef = 4E1DAF4F229F5FE4007D63A8 /* SKTTUITests.swift */; };
		4E1DAF5E229F60A1007D63A8 /* BaseTabBarViewController.swift in Sources */ = {isa = PBXBuildFile; fileRef = 4E1DAF5D229F60A1007D63A8 /* BaseTabBarViewController.swift */; };
		4E1DAF60229F6293007D63A8 /* BaseViewController.swift in Sources */ = {isa = PBXBuildFile; fileRef = 4E1DAF5F229F6293007D63A8 /* BaseViewController.swift */; };
		4E1DAF62229F666F007D63A8 /* BaseNavigationViewController.swift in Sources */ = {isa = PBXBuildFile; fileRef = 4E1DAF61229F666F007D63A8 /* BaseNavigationViewController.swift */; };
		4E1DAF68229F68AC007D63A8 /* HomeViewController.swift in Sources */ = {isa = PBXBuildFile; fileRef = 4E1DAF67229F68AC007D63A8 /* HomeViewController.swift */; };
		4E1DAF6A229F68C9007D63A8 /* FriendRootController.swift in Sources */ = {isa = PBXBuildFile; fileRef = 4E1DAF69229F68C9007D63A8 /* FriendRootController.swift */; };
		4E1DAF6C229F68DE007D63A8 /* AllViewController.swift in Sources */ = {isa = PBXBuildFile; fileRef = 4E1DAF6B229F68DE007D63A8 /* AllViewController.swift */; };
		4E1DAF6F229F6920007D63A8 /* MeViewController.swift in Sources */ = {isa = PBXBuildFile; fileRef = 4E1DAF6E229F6920007D63A8 /* MeViewController.swift */; };
		4E1DAF71229F6D7C007D63A8 /* constant.swift in Sources */ = {isa = PBXBuildFile; fileRef = 4E1DAF70229F6D7C007D63A8 /* constant.swift */; };
		4E1DAF73229F721F007D63A8 /* LoginViewController.swift in Sources */ = {isa = PBXBuildFile; fileRef = 4E1DAF72229F721F007D63A8 /* LoginViewController.swift */; };
		BD5144C9DCA51185D980525A /* Pods_SKTTTests.framework in Frameworks */ = {isa = PBXBuildFile; fileRef = DE08BDBC927F29BEACB3DDAD /* Pods_SKTTTests.framework */; };
		ED828E1BA532DFE52EB3F192 /* Pods_SKTT.framework in Frameworks */ = {isa = PBXBuildFile; fileRef = 3F985E8D41D595772883621B /* Pods_SKTT.framework */; };
/* End PBXBuildFile section */

/* Begin PBXContainerItemProxy section */
		4E1DAF41229F5FE4007D63A8 /* PBXContainerItemProxy */ = {
			isa = PBXContainerItemProxy;
			containerPortal = 4E1DAF24229F5FE3007D63A8 /* Project object */;
			proxyType = 1;
			remoteGlobalIDString = 4E1DAF2B229F5FE3007D63A8;
			remoteInfo = SKTT;
		};
		4E1DAF4C229F5FE4007D63A8 /* PBXContainerItemProxy */ = {
			isa = PBXContainerItemProxy;
			containerPortal = 4E1DAF24229F5FE3007D63A8 /* Project object */;
			proxyType = 1;
			remoteGlobalIDString = 4E1DAF2B229F5FE3007D63A8;
			remoteInfo = SKTT;
		};
/* End PBXContainerItemProxy section */

/* Begin PBXFileReference section */
		020650CE7A18388A17F2CF97 /* Pods_SKTTUITests.framework */ = {isa = PBXFileReference; explicitFileType = wrapper.framework; includeInIndex = 0; path = Pods_SKTTUITests.framework; sourceTree = BUILT_PRODUCTS_DIR; };
		2D9325747F90EE3124922D57 /* Pods-SKTTTests.debug.xcconfig */ = {isa = PBXFileReference; includeInIndex = 1; lastKnownFileType = text.xcconfig; name = "Pods-SKTTTests.debug.xcconfig"; path = "Target Support Files/Pods-SKTTTests/Pods-SKTTTests.debug.xcconfig"; sourceTree = "<group>"; };
		3F985E8D41D595772883621B /* Pods_SKTT.framework */ = {isa = PBXFileReference; explicitFileType = wrapper.framework; includeInIndex = 0; path = Pods_SKTT.framework; sourceTree = BUILT_PRODUCTS_DIR; };
		4E1DAF2C229F5FE3007D63A8 /* SKTT.app */ = {isa = PBXFileReference; explicitFileType = wrapper.application; includeInIndex = 0; path = SKTT.app; sourceTree = BUILT_PRODUCTS_DIR; };
		4E1DAF2F229F5FE3007D63A8 /* AppDelegate.swift */ = {isa = PBXFileReference; lastKnownFileType = sourcecode.swift; path = AppDelegate.swift; sourceTree = "<group>"; };
		4E1DAF31229F5FE3007D63A8 /* ViewController.swift */ = {isa = PBXFileReference; lastKnownFileType = sourcecode.swift; path = ViewController.swift; sourceTree = "<group>"; };
		4E1DAF34229F5FE3007D63A8 /* Base */ = {isa = PBXFileReference; lastKnownFileType = file.storyboard; name = Base; path = Base.lproj/Main.storyboard; sourceTree = "<group>"; };
		4E1DAF36229F5FE4007D63A8 /* Assets.xcassets */ = {isa = PBXFileReference; lastKnownFileType = folder.assetcatalog; path = Assets.xcassets; sourceTree = "<group>"; };
		4E1DAF39229F5FE4007D63A8 /* Base */ = {isa = PBXFileReference; lastKnownFileType = file.storyboard; name = Base; path = Base.lproj/LaunchScreen.storyboard; sourceTree = "<group>"; };
		4E1DAF3B229F5FE4007D63A8 /* Info.plist */ = {isa = PBXFileReference; lastKnownFileType = text.plist.xml; path = Info.plist; sourceTree = "<group>"; };
		4E1DAF40229F5FE4007D63A8 /* SKTTTests.xctest */ = {isa = PBXFileReference; explicitFileType = wrapper.cfbundle; includeInIndex = 0; path = SKTTTests.xctest; sourceTree = BUILT_PRODUCTS_DIR; };
		4E1DAF44229F5FE4007D63A8 /* SKTTTests.swift */ = {isa = PBXFileReference; lastKnownFileType = sourcecode.swift; path = SKTTTests.swift; sourceTree = "<group>"; };
		4E1DAF46229F5FE4007D63A8 /* Info.plist */ = {isa = PBXFileReference; lastKnownFileType = text.plist.xml; path = Info.plist; sourceTree = "<group>"; };
		4E1DAF4B229F5FE4007D63A8 /* SKTTUITests.xctest */ = {isa = PBXFileReference; explicitFileType = wrapper.cfbundle; includeInIndex = 0; path = SKTTUITests.xctest; sourceTree = BUILT_PRODUCTS_DIR; };
		4E1DAF4F229F5FE4007D63A8 /* SKTTUITests.swift */ = {isa = PBXFileReference; lastKnownFileType = sourcecode.swift; path = SKTTUITests.swift; sourceTree = "<group>"; };
		4E1DAF51229F5FE4007D63A8 /* Info.plist */ = {isa = PBXFileReference; lastKnownFileType = text.plist.xml; path = Info.plist; sourceTree = "<group>"; };
		4E1DAF5D229F60A1007D63A8 /* BaseTabBarViewController.swift */ = {isa = PBXFileReference; lastKnownFileType = sourcecode.swift; path = BaseTabBarViewController.swift; sourceTree = "<group>"; };
		4E1DAF5F229F6293007D63A8 /* BaseViewController.swift */ = {isa = PBXFileReference; lastKnownFileType = sourcecode.swift; path = BaseViewController.swift; sourceTree = "<group>"; };
		4E1DAF61229F666F007D63A8 /* BaseNavigationViewController.swift */ = {isa = PBXFileReference; lastKnownFileType = sourcecode.swift; path = BaseNavigationViewController.swift; sourceTree = "<group>"; };
		4E1DAF67229F68AC007D63A8 /* HomeViewController.swift */ = {isa = PBXFileReference; lastKnownFileType = sourcecode.swift; path = HomeViewController.swift; sourceTree = "<group>"; };
		4E1DAF69229F68C9007D63A8 /* FriendRootController.swift */ = {isa = PBXFileReference; lastKnownFileType = sourcecode.swift; path = FriendRootController.swift; sourceTree = "<group>"; };
		4E1DAF6B229F68DE007D63A8 /* AllViewController.swift */ = {isa = PBXFileReference; lastKnownFileType = sourcecode.swift; path = AllViewController.swift; sourceTree = "<group>"; };
		4E1DAF6E229F6920007D63A8 /* MeViewController.swift */ = {isa = PBXFileReference; lastKnownFileType = sourcecode.swift; path = MeViewController.swift; sourceTree = "<group>"; };
		4E1DAF70229F6D7C007D63A8 /* constant.swift */ = {isa = PBXFileReference; lastKnownFileType = sourcecode.swift; path = constant.swift; sourceTree = "<group>"; };
		4E1DAF72229F721F007D63A8 /* LoginViewController.swift */ = {isa = PBXFileReference; lastKnownFileType = sourcecode.swift; path = LoginViewController.swift; sourceTree = "<group>"; };
		85ABF11E3CA1A804A01863F0 /* Pods-SKTT.debug.xcconfig */ = {isa = PBXFileReference; includeInIndex = 1; lastKnownFileType = text.xcconfig; name = "Pods-SKTT.debug.xcconfig"; path = "Target Support Files/Pods-SKTT/Pods-SKTT.debug.xcconfig"; sourceTree = "<group>"; };
		92857B548CFFF4EC6F1A6EFD /* Pods-SKTTTests.release.xcconfig */ = {isa = PBXFileReference; includeInIndex = 1; lastKnownFileType = text.xcconfig; name = "Pods-SKTTTests.release.xcconfig"; path = "Target Support Files/Pods-SKTTTests/Pods-SKTTTests.release.xcconfig"; sourceTree = "<group>"; };
		9EAC45CEFA0C73870483726D /* Pods-SKTTUITests.debug.xcconfig */ = {isa = PBXFileReference; includeInIndex = 1; lastKnownFileType = text.xcconfig; name = "Pods-SKTTUITests.debug.xcconfig"; path = "Target Support Files/Pods-SKTTUITests/Pods-SKTTUITests.debug.xcconfig"; sourceTree = "<group>"; };
		AF4EF2791DE17337BEF028F2 /* Pods-SKTTUITests.release.xcconfig */ = {isa = PBXFileReference; includeInIndex = 1; lastKnownFileType = text.xcconfig; name = "Pods-SKTTUITests.release.xcconfig"; path = "Target Support Files/Pods-SKTTUITests/Pods-SKTTUITests.release.xcconfig"; sourceTree = "<group>"; };
		CBDCF8138CF4A30D4DE7D70C /* Pods-SKTT.release.xcconfig */ = {isa = PBXFileReference; includeInIndex = 1; lastKnownFileType = text.xcconfig; name = "Pods-SKTT.release.xcconfig"; path = "Target Support Files/Pods-SKTT/Pods-SKTT.release.xcconfig"; sourceTree = "<group>"; };
		DE08BDBC927F29BEACB3DDAD /* Pods_SKTTTests.framework */ = {isa = PBXFileReference; explicitFileType = wrapper.framework; includeInIndex = 0; path = Pods_SKTTTests.framework; sourceTree = BUILT_PRODUCTS_DIR; };
/* End PBXFileReference section */

/* Begin PBXFrameworksBuildPhase section */
		4E1DAF29229F5FE3007D63A8 /* Frameworks */ = {
			isa = PBXFrameworksBuildPhase;
			buildActionMask = 2147483647;
			files = (
				ED828E1BA532DFE52EB3F192 /* Pods_SKTT.framework in Frameworks */,
			);
			runOnlyForDeploymentPostprocessing = 0;
		};
		4E1DAF3D229F5FE4007D63A8 /* Frameworks */ = {
			isa = PBXFrameworksBuildPhase;
			buildActionMask = 2147483647;
			files = (
				BD5144C9DCA51185D980525A /* Pods_SKTTTests.framework in Frameworks */,
			);
			runOnlyForDeploymentPostprocessing = 0;
		};
		4E1DAF48229F5FE4007D63A8 /* Frameworks */ = {
			isa = PBXFrameworksBuildPhase;
			buildActionMask = 2147483647;
			files = (
				22FA2B21229022B2EBEBCFF6 /* Pods_SKTTUITests.framework in Frameworks */,
			);
			runOnlyForDeploymentPostprocessing = 0;
		};
/* End PBXFrameworksBuildPhase section */

/* Begin PBXGroup section */
		4E1DAF23229F5FE3007D63A8 = {
			isa = PBXGroup;
			children = (
				4E1DAF2E229F5FE3007D63A8 /* SKTT */,
				4E1DAF43229F5FE4007D63A8 /* SKTTTests */,
				4E1DAF4E229F5FE4007D63A8 /* SKTTUITests */,
				4E1DAF2D229F5FE3007D63A8 /* Products */,
				58CD32FABC8031C1CF28E6AC /* Pods */,
				64FF321E04837EF8D02BA566 /* Frameworks */,
			);
			sourceTree = "<group>";
		};
		4E1DAF2D229F5FE3007D63A8 /* Products */ = {
			isa = PBXGroup;
			children = (
				4E1DAF2C229F5FE3007D63A8 /* SKTT.app */,
				4E1DAF40229F5FE4007D63A8 /* SKTTTests.xctest */,
				4E1DAF4B229F5FE4007D63A8 /* SKTTUITests.xctest */,
			);
			name = Products;
			sourceTree = "<group>";
		};
		4E1DAF2E229F5FE3007D63A8 /* SKTT */ = {
			isa = PBXGroup;
			children = (
				4E1DAF6D229F6903007D63A8 /* Me */,
				4E1DAF66229F687F007D63A8 /* Publish */,
				4E1DAF65229F6876007D63A8 /* Servers */,
				4E1DAF64229F6857007D63A8 /* Friend */,
				4E1DAF63229F6832007D63A8 /* Home */,
				4E1DAF2F229F5FE3007D63A8 /* AppDelegate.swift */,
				4E1DAF31229F5FE3007D63A8 /* ViewController.swift */,
				4E1DAF33229F5FE3007D63A8 /* Main.storyboard */,
				4E1DAF36229F5FE4007D63A8 /* Assets.xcassets */,
				4E1DAF38229F5FE4007D63A8 /* LaunchScreen.storyboard */,
				4E1DAF3B229F5FE4007D63A8 /* Info.plist */,
				4E1DAF5D229F60A1007D63A8 /* BaseTabBarViewController.swift */,
				4E1DAF5F229F6293007D63A8 /* BaseViewController.swift */,
				4E1DAF61229F666F007D63A8 /* BaseNavigationViewController.swift */,
				4E1DAF70229F6D7C007D63A8 /* constant.swift */,
				4E1DAF72229F721F007D63A8 /* LoginViewController.swift */,
			);
			path = SKTT;
			sourceTree = "<group>";
		};
		4E1DAF43229F5FE4007D63A8 /* SKTTTests */ = {
			isa = PBXGroup;
			children = (
				4E1DAF44229F5FE4007D63A8 /* SKTTTests.swift */,
				4E1DAF46229F5FE4007D63A8 /* Info.plist */,
			);
			path = SKTTTests;
			sourceTree = "<group>";
		};
		4E1DAF4E229F5FE4007D63A8 /* SKTTUITests */ = {
			isa = PBXGroup;
			children = (
				4E1DAF4F229F5FE4007D63A8 /* SKTTUITests.swift */,
				4E1DAF51229F5FE4007D63A8 /* Info.plist */,
			);
			path = SKTTUITests;
			sourceTree = "<group>";
		};
		4E1DAF63229F6832007D63A8 /* Home */ = {
			isa = PBXGroup;
			children = (
				4E1DAF67229F68AC007D63A8 /* HomeViewController.swift */,
			);
			path = Home;
			sourceTree = "<group>";
		};
		4E1DAF64229F6857007D63A8 /* Friend */ = {
			isa = PBXGroup;
			children = (
				4E1DAF69229F68C9007D63A8 /* FriendRootController.swift */,
			);
			path = Friend;
			sourceTree = "<group>";
		};
		4E1DAF65229F6876007D63A8 /* Servers */ = {
			isa = PBXGroup;
			children = (
				4E1DAF6B229F68DE007D63A8 /* AllViewController.swift */,
			);
			path = Servers;
			sourceTree = "<group>";
		};
		4E1DAF66229F687F007D63A8 /* Publish */ = {
			isa = PBXGroup;
			children = (
			);
			path = Publish;
			sourceTree = "<group>";
		};
		4E1DAF6D229F6903007D63A8 /* Me */ = {
			isa = PBXGroup;
			children = (
				4E1DAF6E229F6920007D63A8 /* MeViewController.swift */,
			);
			path = Me;
			sourceTree = "<group>";
		};
		58CD32FABC8031C1CF28E6AC /* Pods */ = {
			isa = PBXGroup;
			children = (
				85ABF11E3CA1A804A01863F0 /* Pods-SKTT.debug.xcconfig */,
				CBDCF8138CF4A30D4DE7D70C /* Pods-SKTT.release.xcconfig */,
				2D9325747F90EE3124922D57 /* Pods-SKTTTests.debug.xcconfig */,
				92857B548CFFF4EC6F1A6EFD /* Pods-SKTTTests.release.xcconfig */,
				9EAC45CEFA0C73870483726D /* Pods-SKTTUITests.debug.xcconfig */,
				AF4EF2791DE17337BEF028F2 /* Pods-SKTTUITests.release.xcconfig */,
			);
			name = Pods;
			path = Pods;
			sourceTree = "<group>";
		};
		64FF321E04837EF8D02BA566 /* Frameworks */ = {
			isa = PBXGroup;
			children = (
				3F985E8D41D595772883621B /* Pods_SKTT.framework */,
				DE08BDBC927F29BEACB3DDAD /* Pods_SKTTTests.framework */,
				020650CE7A18388A17F2CF97 /* Pods_SKTTUITests.framework */,
			);
			name = Frameworks;
			sourceTree = "<group>";
		};
/* End PBXGroup section */

/* Begin PBXNativeTarget section */
		4E1DAF2B229F5FE3007D63A8 /* SKTT */ = {
			isa = PBXNativeTarget;
			buildConfigurationList = 4E1DAF54229F5FE4007D63A8 /* Build configuration list for PBXNativeTarget "SKTT" */;
			buildPhases = (
				FA99004FEF5895508EC8D484 /* [CP] Check Pods Manifest.lock */,
				4E1DAF28229F5FE3007D63A8 /* Sources */,
				4E1DAF29229F5FE3007D63A8 /* Frameworks */,
				4E1DAF2A229F5FE3007D63A8 /* Resources */,
				D85186F1D62BA216667A5667 /* [CP] Embed Pods Frameworks */,
			);
			buildRules = (
			);
			dependencies = (
			);
			name = SKTT;
			productName = SKTT;
			productReference = 4E1DAF2C229F5FE3007D63A8 /* SKTT.app */;
			productType = "com.apple.product-type.application";
		};
		4E1DAF3F229F5FE4007D63A8 /* SKTTTests */ = {
			isa = PBXNativeTarget;
			buildConfigurationList = 4E1DAF57229F5FE4007D63A8 /* Build configuration list for PBXNativeTarget "SKTTTests" */;
			buildPhases = (
				15CEDC4C8DECEF228D08F735 /* [CP] Check Pods Manifest.lock */,
				4E1DAF3C229F5FE4007D63A8 /* Sources */,
				4E1DAF3D229F5FE4007D63A8 /* Frameworks */,
				4E1DAF3E229F5FE4007D63A8 /* Resources */,
			);
			buildRules = (
			);
			dependencies = (
				4E1DAF42229F5FE4007D63A8 /* PBXTargetDependency */,
			);
			name = SKTTTests;
			productName = SKTTTests;
			productReference = 4E1DAF40229F5FE4007D63A8 /* SKTTTests.xctest */;
			productType = "com.apple.product-type.bundle.unit-test";
		};
		4E1DAF4A229F5FE4007D63A8 /* SKTTUITests */ = {
			isa = PBXNativeTarget;
			buildConfigurationList = 4E1DAF5A229F5FE4007D63A8 /* Build configuration list for PBXNativeTarget "SKTTUITests" */;
			buildPhases = (
				DB037F73CD0E66B5E0250006 /* [CP] Check Pods Manifest.lock */,
				4E1DAF47229F5FE4007D63A8 /* Sources */,
				4E1DAF48229F5FE4007D63A8 /* Frameworks */,
				4E1DAF49229F5FE4007D63A8 /* Resources */,
			);
			buildRules = (
			);
			dependencies = (
				4E1DAF4D229F5FE4007D63A8 /* PBXTargetDependency */,
			);
			name = SKTTUITests;
			productName = SKTTUITests;
			productReference = 4E1DAF4B229F5FE4007D63A8 /* SKTTUITests.xctest */;
			productType = "com.apple.product-type.bundle.ui-testing";
		};
/* End PBXNativeTarget section */

/* Begin PBXProject section */
		4E1DAF24229F5FE3007D63A8 /* Project object */ = {
			isa = PBXProject;
			attributes = {
				LastSwiftUpdateCheck = 1020;
				LastUpgradeCheck = 1020;
				ORGANIZATIONNAME = Kwan;
				TargetAttributes = {
					4E1DAF2B229F5FE3007D63A8 = {
						CreatedOnToolsVersion = 10.2.1;
					};
					4E1DAF3F229F5FE4007D63A8 = {
						CreatedOnToolsVersion = 10.2.1;
						TestTargetID = 4E1DAF2B229F5FE3007D63A8;
					};
					4E1DAF4A229F5FE4007D63A8 = {
						CreatedOnToolsVersion = 10.2.1;
						TestTargetID = 4E1DAF2B229F5FE3007D63A8;
					};
				};
			};
			buildConfigurationList = 4E1DAF27229F5FE3007D63A8 /* Build configuration list for PBXProject "SKTT" */;
			compatibilityVersion = "Xcode 9.3";
			developmentRegion = en;
			hasScannedForEncodings = 0;
			knownRegions = (
				en,
				Base,
			);
			mainGroup = 4E1DAF23229F5FE3007D63A8;
			productRefGroup = 4E1DAF2D229F5FE3007D63A8 /* Products */;
			projectDirPath = "";
			projectRoot = "";
			targets = (
				4E1DAF2B229F5FE3007D63A8 /* SKTT */,
				4E1DAF3F229F5FE4007D63A8 /* SKTTTests */,
				4E1DAF4A229F5FE4007D63A8 /* SKTTUITests */,
			);
		};
/* End PBXProject section */

/* Begin PBXResourcesBuildPhase section */
		4E1DAF2A229F5FE3007D63A8 /* Resources */ = {
			isa = PBXResourcesBuildPhase;
			buildActionMask = 2147483647;
			files = (
				4E1DAF3A229F5FE4007D63A8 /* LaunchScreen.storyboard in Resources */,
				4E1DAF37229F5FE4007D63A8 /* Assets.xcassets in Resources */,
				4E1DAF35229F5FE3007D63A8 /* Main.storyboard in Resources */,
			);
			runOnlyForDeploymentPostprocessing = 0;
		};
		4E1DAF3E229F5FE4007D63A8 /* Resources */ = {
			isa = PBXResourcesBuildPhase;
			buildActionMask = 2147483647;
			files = (
			);
			runOnlyForDeploymentPostprocessing = 0;
		};
		4E1DAF49229F5FE4007D63A8 /* Resources */ = {
			isa = PBXResourcesBuildPhase;
			buildActionMask = 2147483647;
			files = (
			);
			runOnlyForDeploymentPostprocessing = 0;
		};
/* End PBXResourcesBuildPhase section */

/* Begin PBXShellScriptBuildPhase section */
		15CEDC4C8DECEF228D08F735 /* [CP] Check Pods Manifest.lock */ = {
			isa = PBXShellScriptBuildPhase;
			buildActionMask = 2147483647;
			files = (
			);
			inputFileListPaths = (
			);
			inputPaths = (
				"${PODS_PODFILE_DIR_PATH}/Podfile.lock",
				"${PODS_ROOT}/Manifest.lock",
			);
			name = "[CP] Check Pods Manifest.lock";
			outputFileListPaths = (
			);
			outputPaths = (
				"$(DERIVED_FILE_DIR)/Pods-SKTTTests-checkManifestLockResult.txt",
			);
			runOnlyForDeploymentPostprocessing = 0;
			shellPath = /bin/sh;
			shellScript = "diff \"${PODS_PODFILE_DIR_PATH}/Podfile.lock\" \"${PODS_ROOT}/Manifest.lock\" > /dev/null\nif [ $? != 0 ] ; then\n    # print error to STDERR\n    echo \"error: The sandbox is not in sync with the Podfile.lock. Run 'pod install' or update your CocoaPods installation.\" >&2\n    exit 1\nfi\n# This output is used by Xcode 'outputs' to avoid re-running this script phase.\necho \"SUCCESS\" > \"${SCRIPT_OUTPUT_FILE_0}\"\n";
			showEnvVarsInLog = 0;
		};
		D85186F1D62BA216667A5667 /* [CP] Embed Pods Frameworks */ = {
			isa = PBXShellScriptBuildPhase;
			buildActionMask = 2147483647;
			files = (
			);
			inputFileListPaths = (
				"${PODS_ROOT}/Target Support Files/Pods-SKTT/Pods-SKTT-frameworks-${CONFIGURATION}-input-files.xcfilelist",
			);
			name = "[CP] Embed Pods Frameworks";
			outputFileListPaths = (
				"${PODS_ROOT}/Target Support Files/Pods-SKTT/Pods-SKTT-frameworks-${CONFIGURATION}-output-files.xcfilelist",
			);
			runOnlyForDeploymentPostprocessing = 0;
			shellPath = /bin/sh;
			shellScript = "\"${PODS_ROOT}/Target Support Files/Pods-SKTT/Pods-SKTT-frameworks.sh\"\n";
			showEnvVarsInLog = 0;
		};
		DB037F73CD0E66B5E0250006 /* [CP] Check Pods Manifest.lock */ = {
			isa = PBXShellScriptBuildPhase;
			buildActionMask = 2147483647;
			files = (
			);
			inputFileListPaths = (
			);
			inputPaths = (
				"${PODS_PODFILE_DIR_PATH}/Podfile.lock",
				"${PODS_ROOT}/Manifest.lock",
			);
			name = "[CP] Check Pods Manifest.lock";
			outputFileListPaths = (
			);
			outputPaths = (
				"$(DERIVED_FILE_DIR)/Pods-SKTTUITests-checkManifestLockResult.txt",
			);
			runOnlyForDeploymentPostprocessing = 0;
			shellPath = /bin/sh;
			shellScript = "diff \"${PODS_PODFILE_DIR_PATH}/Podfile.lock\" \"${PODS_ROOT}/Manifest.lock\" > /dev/null\nif [ $? != 0 ] ; then\n    # print error to STDERR\n    echo \"error: The sandbox is not in sync with the Podfile.lock. Run 'pod install' or update your CocoaPods installation.\" >&2\n    exit 1\nfi\n# This output is used by Xcode 'outputs' to avoid re-running this script phase.\necho \"SUCCESS\" > \"${SCRIPT_OUTPUT_FILE_0}\"\n";
			showEnvVarsInLog = 0;
		};
		FA99004FEF5895508EC8D484 /* [CP] Check Pods Manifest.lock */ = {
			isa = PBXShellScriptBuildPhase;
			buildActionMask = 2147483647;
			files = (
			);
			inputFileListPaths = (
			);
			inputPaths = (
				"${PODS_PODFILE_DIR_PATH}/Podfile.lock",
				"${PODS_ROOT}/Manifest.lock",
			);
			name = "[CP] Check Pods Manifest.lock";
			outputFileListPaths = (
			);
			outputPaths = (
				"$(DERIVED_FILE_DIR)/Pods-SKTT-checkManifestLockResult.txt",
			);
			runOnlyForDeploymentPostprocessing = 0;
			shellPath = /bin/sh;
			shellScript = "diff \"${PODS_PODFILE_DIR_PATH}/Podfile.lock\" \"${PODS_ROOT}/Manifest.lock\" > /dev/null\nif [ $? != 0 ] ; then\n    # print error to STDERR\n    echo \"error: The sandbox is not in sync with the Podfile.lock. Run 'pod install' or update your CocoaPods installation.\" >&2\n    exit 1\nfi\n# This output is used by Xcode 'outputs' to avoid re-running this script phase.\necho \"SUCCESS\" > \"${SCRIPT_OUTPUT_FILE_0}\"\n";
			showEnvVarsInLog = 0;
		};
/* End PBXShellScriptBuildPhase section */

/* Begin PBXSourcesBuildPhase section */
		4E1DAF28229F5FE3007D63A8 /* Sources */ = {
			isa = PBXSourcesBuildPhase;
			buildActionMask = 2147483647;
			files = (
				4E1DAF6F229F6920007D63A8 /* MeViewController.swift in Sources */,
				4E1DAF6A229F68C9007D63A8 /* FriendRootController.swift in Sources */,
				4E1DAF32229F5FE3007D63A8 /* ViewController.swift in Sources */,
				4E1DAF6C229F68DE007D63A8 /* AllViewController.swift in Sources */,
				4E1DAF60229F6293007D63A8 /* BaseViewController.swift in Sources */,
				4E1DAF30229F5FE3007D63A8 /* AppDelegate.swift in Sources */,
				4E1DAF62229F666F007D63A8 /* BaseNavigationViewController.swift in Sources */,
				4E1DAF71229F6D7C007D63A8 /* constant.swift in Sources */,
				4E1DAF5E229F60A1007D63A8 /* BaseTabBarViewController.swift in Sources */,
				4E1DAF68229F68AC007D63A8 /* HomeViewController.swift in Sources */,
				4E1DAF73229F721F007D63A8 /* LoginViewController.swift in Sources */,
			);
			runOnlyForDeploymentPostprocessing = 0;
		};
		4E1DAF3C229F5FE4007D63A8 /* Sources */ = {
			isa = PBXSourcesBuildPhase;
			buildActionMask = 2147483647;
			files = (
				4E1DAF45229F5FE4007D63A8 /* SKTTTests.swift in Sources */,
			);
			runOnlyForDeploymentPostprocessing = 0;
		};
		4E1DAF47229F5FE4007D63A8 /* Sources */ = {
			isa = PBXSourcesBuildPhase;
			buildActionMask = 2147483647;
			files = (
				4E1DAF50229F5FE4007D63A8 /* SKTTUITests.swift in Sources */,
			);
			runOnlyForDeploymentPostprocessing = 0;
		};
/* End PBXSourcesBuildPhase section */

/* Begin PBXTargetDependency section */
		4E1DAF42229F5FE4007D63A8 /* PBXTargetDependency */ = {
			isa = PBXTargetDependency;
			target = 4E1DAF2B229F5FE3007D63A8 /* SKTT */;
			targetProxy = 4E1DAF41229F5FE4007D63A8 /* PBXContainerItemProxy */;
		};
		4E1DAF4D229F5FE4007D63A8 /* PBXTargetDependency */ = {
			isa = PBXTargetDependency;
			target = 4E1DAF2B229F5FE3007D63A8 /* SKTT */;
			targetProxy = 4E1DAF4C229F5FE4007D63A8 /* PBXContainerItemProxy */;
		};
/* End PBXTargetDependency section */

/* Begin PBXVariantGroup section */
		4E1DAF33229F5FE3007D63A8 /* Main.storyboard */ = {
			isa = PBXVariantGroup;
			children = (
				4E1DAF34229F5FE3007D63A8 /* Base */,
			);
			name = Main.storyboard;
			sourceTree = "<group>";
		};
		4E1DAF38229F5FE4007D63A8 /* LaunchScreen.storyboard */ = {
			isa = PBXVariantGroup;
			children = (
				4E1DAF39229F5FE4007D63A8 /* Base */,
			);
			name = LaunchScreen.storyboard;
			sourceTree = "<group>";
		};
/* End PBXVariantGroup section */

/* Begin XCBuildConfiguration section */
		4E1DAF52229F5FE4007D63A8 /* Debug */ = {
			isa = XCBuildConfiguration;
			buildSettings = {
				ALWAYS_SEARCH_USER_PATHS = NO;
				CLANG_ANALYZER_NONNULL = YES;
				CLANG_ANALYZER_NUMBER_OBJECT_CONVERSION = YES_AGGRESSIVE;
				CLANG_CXX_LANGUAGE_STANDARD = "gnu++14";
				CLANG_CXX_LIBRARY = "libc++";
				CLANG_ENABLE_MODULES = YES;
				CLANG_ENABLE_OBJC_ARC = YES;
				CLANG_ENABLE_OBJC_WEAK = YES;
				CLANG_WARN_BLOCK_CAPTURE_AUTORELEASING = YES;
				CLANG_WARN_BOOL_CONVERSION = YES;
				CLANG_WARN_COMMA = YES;
				CLANG_WARN_CONSTANT_CONVERSION = YES;
				CLANG_WARN_DEPRECATED_OBJC_IMPLEMENTATIONS = YES;
				CLANG_WARN_DIRECT_OBJC_ISA_USAGE = YES_ERROR;
				CLANG_WARN_DOCUMENTATION_COMMENTS = YES;
				CLANG_WARN_EMPTY_BODY = YES;
				CLANG_WARN_ENUM_CONVERSION = YES;
				CLANG_WARN_INFINITE_RECURSION = YES;
				CLANG_WARN_INT_CONVERSION = YES;
				CLANG_WARN_NON_LITERAL_NULL_CONVERSION = YES;
				CLANG_WARN_OBJC_IMPLICIT_RETAIN_SELF = YES;
				CLANG_WARN_OBJC_LITERAL_CONVERSION = YES;
				CLANG_WARN_OBJC_ROOT_CLASS = YES_ERROR;
				CLANG_WARN_RANGE_LOOP_ANALYSIS = YES;
				CLANG_WARN_STRICT_PROTOTYPES = YES;
				CLANG_WARN_SUSPICIOUS_MOVE = YES;
				CLANG_WARN_UNGUARDED_AVAILABILITY = YES_AGGRESSIVE;
				CLANG_WARN_UNREACHABLE_CODE = YES;
				CLANG_WARN__DUPLICATE_METHOD_MATCH = YES;
				CODE_SIGN_IDENTITY = "iPhone Developer";
				COPY_PHASE_STRIP = NO;
				DEBUG_INFORMATION_FORMAT = dwarf;
				ENABLE_STRICT_OBJC_MSGSEND = YES;
				ENABLE_TESTABILITY = YES;
				GCC_C_LANGUAGE_STANDARD = gnu11;
				GCC_DYNAMIC_NO_PIC = NO;
				GCC_NO_COMMON_BLOCKS = YES;
				GCC_OPTIMIZATION_LEVEL = 0;
				GCC_PREPROCESSOR_DEFINITIONS = (
					"DEBUG=1",
					"$(inherited)",
				);
				GCC_WARN_64_TO_32_BIT_CONVERSION = YES;
				GCC_WARN_ABOUT_RETURN_TYPE = YES_ERROR;
				GCC_WARN_UNDECLARED_SELECTOR = YES;
				GCC_WARN_UNINITIALIZED_AUTOS = YES_AGGRESSIVE;
				GCC_WARN_UNUSED_FUNCTION = YES;
				GCC_WARN_UNUSED_VARIABLE = YES;
				IPHONEOS_DEPLOYMENT_TARGET = 12.2;
				MTL_ENABLE_DEBUG_INFO = INCLUDE_SOURCE;
				MTL_FAST_MATH = YES;
				ONLY_ACTIVE_ARCH = YES;
				SDKROOT = iphoneos;
				SWIFT_ACTIVE_COMPILATION_CONDITIONS = DEBUG;
				SWIFT_OPTIMIZATION_LEVEL = "-Onone";
			};
			name = Debug;
		};
		4E1DAF53229F5FE4007D63A8 /* Release */ = {
			isa = XCBuildConfiguration;
			buildSettings = {
				ALWAYS_SEARCH_USER_PATHS = NO;
				CLANG_ANALYZER_NONNULL = YES;
				CLANG_ANALYZER_NUMBER_OBJECT_CONVERSION = YES_AGGRESSIVE;
				CLANG_CXX_LANGUAGE_STANDARD = "gnu++14";
				CLANG_CXX_LIBRARY = "libc++";
				CLANG_ENABLE_MODULES = YES;
				CLANG_ENABLE_OBJC_ARC = YES;
				CLANG_ENABLE_OBJC_WEAK = YES;
				CLANG_WARN_BLOCK_CAPTURE_AUTORELEASING = YES;
				CLANG_WARN_BOOL_CONVERSION = YES;
				CLANG_WARN_COMMA = YES;
				CLANG_WARN_CONSTANT_CONVERSION = YES;
				CLANG_WARN_DEPRECATED_OBJC_IMPLEMENTATIONS = YES;
				CLANG_WARN_DIRECT_OBJC_ISA_USAGE = YES_ERROR;
				CLANG_WARN_DOCUMENTATION_COMMENTS = YES;
				CLANG_WARN_EMPTY_BODY = YES;
				CLANG_WARN_ENUM_CONVERSION = YES;
				CLANG_WARN_INFINITE_RECURSION = YES;
				CLANG_WARN_INT_CONVERSION = YES;
				CLANG_WARN_NON_LITERAL_NULL_CONVERSION = YES;
				CLANG_WARN_OBJC_IMPLICIT_RETAIN_SELF = YES;
				CLANG_WARN_OBJC_LITERAL_CONVERSION = YES;
				CLANG_WARN_OBJC_ROOT_CLASS = YES_ERROR;
				CLANG_WARN_RANGE_LOOP_ANALYSIS = YES;
				CLANG_WARN_STRICT_PROTOTYPES = YES;
				CLANG_WARN_SUSPICIOUS_MOVE = YES;
				CLANG_WARN_UNGUARDED_AVAILABILITY = YES_AGGRESSIVE;
				CLANG_WARN_UNREACHABLE_CODE = YES;
				CLANG_WARN__DUPLICATE_METHOD_MATCH = YES;
				CODE_SIGN_IDENTITY = "iPhone Developer";
				COPY_PHASE_STRIP = NO;
				DEBUG_INFORMATION_FORMAT = "dwarf-with-dsym";
				ENABLE_NS_ASSERTIONS = NO;
				ENABLE_STRICT_OBJC_MSGSEND = YES;
				GCC_C_LANGUAGE_STANDARD = gnu11;
				GCC_NO_COMMON_BLOCKS = YES;
				GCC_WARN_64_TO_32_BIT_CONVERSION = YES;
				GCC_WARN_ABOUT_RETURN_TYPE = YES_ERROR;
				GCC_WARN_UNDECLARED_SELECTOR = YES;
				GCC_WARN_UNINITIALIZED_AUTOS = YES_AGGRESSIVE;
				GCC_WARN_UNUSED_FUNCTION = YES;
				GCC_WARN_UNUSED_VARIABLE = YES;
				IPHONEOS_DEPLOYMENT_TARGET = 12.2;
				MTL_ENABLE_DEBUG_INFO = NO;
				MTL_FAST_MATH = YES;
				SDKROOT = iphoneos;
				SWIFT_COMPILATION_MODE = wholemodule;
				SWIFT_OPTIMIZATION_LEVEL = "-O";
				VALIDATE_PRODUCT = YES;
			};
			name = Release;
		};
		4E1DAF55229F5FE4007D63A8 /* Debug */ = {
			isa = XCBuildConfiguration;
			baseConfigurationReference = 85ABF11E3CA1A804A01863F0 /* Pods-SKTT.debug.xcconfig */;
			buildSettings = {
				ASSETCATALOG_COMPILER_APPICON_NAME = AppIcon;
				CODE_SIGN_STYLE = Automatic;
				INFOPLIST_FILE = SKTT/Info.plist;
				IPHONEOS_DEPLOYMENT_TARGET = 9.0;
				LD_RUNPATH_SEARCH_PATHS = (
					"$(inherited)",
					"@executable_path/Frameworks",
				);
				PRODUCT_BUNDLE_IDENTIFIER = com.kwan.SKTT;
				PRODUCT_NAME = "$(TARGET_NAME)";
				SWIFT_VERSION = 5.0;
				TARGETED_DEVICE_FAMILY = "1,2";
			};
			name = Debug;
		};
		4E1DAF56229F5FE4007D63A8 /* Release */ = {
			isa = XCBuildConfiguration;
			baseConfigurationReference = CBDCF8138CF4A30D4DE7D70C /* Pods-SKTT.release.xcconfig */;
			buildSettings = {
				ASSETCATALOG_COMPILER_APPICON_NAME = AppIcon;
				CODE_SIGN_STYLE = Automatic;
				INFOPLIST_FILE = SKTT/Info.plist;
				IPHONEOS_DEPLOYMENT_TARGET = 9.0;
				LD_RUNPATH_SEARCH_PATHS = (
					"$(inherited)",
					"@executable_path/Frameworks",
				);
				PRODUCT_BUNDLE_IDENTIFIER = com.kwan.SKTT;
				PRODUCT_NAME = "$(TARGET_NAME)";
				SWIFT_VERSION = 5.0;
				TARGETED_DEVICE_FAMILY = "1,2";
			};
			name = Release;
		};
		4E1DAF58229F5FE4007D63A8 /* Debug */ = {
			isa = XCBuildConfiguration;
			baseConfigurationReference = 2D9325747F90EE3124922D57 /* Pods-SKTTTests.debug.xcconfig */;
			buildSettings = {
				ALWAYS_EMBED_SWIFT_STANDARD_LIBRARIES = YES;
				BUNDLE_LOADER = "$(TEST_HOST)";
				CODE_SIGN_STYLE = Automatic;
				INFOPLIST_FILE = SKTTTests/Info.plist;
				LD_RUNPATH_SEARCH_PATHS = (
					"$(inherited)",
					"@executable_path/Frameworks",
					"@loader_path/Frameworks",
				);
				PRODUCT_BUNDLE_IDENTIFIER = com.kwan.SKTTTests;
				PRODUCT_NAME = "$(TARGET_NAME)";
				SWIFT_VERSION = 5.0;
				TARGETED_DEVICE_FAMILY = "1,2";
				TEST_HOST = "$(BUILT_PRODUCTS_DIR)/SKTT.app/SKTT";
			};
			name = Debug;
		};
		4E1DAF59229F5FE4007D63A8 /* Release */ = {
			isa = XCBuildConfiguration;
			baseConfigurationReference = 92857B548CFFF4EC6F1A6EFD /* Pods-SKTTTests.release.xcconfig */;
			buildSettings = {
				ALWAYS_EMBED_SWIFT_STANDARD_LIBRARIES = YES;
				BUNDLE_LOADER = "$(TEST_HOST)";
				CODE_SIGN_STYLE = Automatic;
				INFOPLIST_FILE = SKTTTests/Info.plist;
				LD_RUNPATH_SEARCH_PATHS = (
					"$(inherited)",
					"@executable_path/Frameworks",
					"@loader_path/Frameworks",
				);
				PRODUCT_BUNDLE_IDENTIFIER = com.kwan.SKTTTests;
				PRODUCT_NAME = "$(TARGET_NAME)";
				SWIFT_VERSION = 5.0;
				TARGETED_DEVICE_FAMILY = "1,2";
				TEST_HOST = "$(BUILT_PRODUCTS_DIR)/SKTT.app/SKTT";
			};
			name = Release;
		};
		4E1DAF5B229F5FE4007D63A8 /* Debug */ = {
			isa = XCBuildConfiguration;
			baseConfigurationReference = 9EAC45CEFA0C73870483726D /* Pods-SKTTUITests.debug.xcconfig */;
			buildSettings = {
				ALWAYS_EMBED_SWIFT_STANDARD_LIBRARIES = YES;
				CODE_SIGN_STYLE = Automatic;
				INFOPLIST_FILE = SKTTUITests/Info.plist;
				LD_RUNPATH_SEARCH_PATHS = (
					"$(inherited)",
					"@executable_path/Frameworks",
					"@loader_path/Frameworks",
				);
				PRODUCT_BUNDLE_IDENTIFIER = com.kwan.SKTTUITests;
				PRODUCT_NAME = "$(TARGET_NAME)";
				SWIFT_VERSION = 5.0;
				TARGETED_DEVICE_FAMILY = "1,2";
				TEST_TARGET_NAME = SKTT;
			};
			name = Debug;
		};
		4E1DAF5C229F5FE4007D63A8 /* Release */ = {
			isa = XCBuildConfiguration;
			baseConfigurationReference = AF4EF2791DE17337BEF028F2 /* Pods-SKTTUITests.release.xcconfig */;
			buildSettings = {
				ALWAYS_EMBED_SWIFT_STANDARD_LIBRARIES = YES;
				CODE_SIGN_STYLE = Automatic;
				INFOPLIST_FILE = SKTTUITests/Info.plist;
				LD_RUNPATH_SEARCH_PATHS = (
					"$(inherited)",
					"@executable_path/Frameworks",
					"@loader_path/Frameworks",
				);
				PRODUCT_BUNDLE_IDENTIFIER = com.kwan.SKTTUITests;
				PRODUCT_NAME = "$(TARGET_NAME)";
				SWIFT_VERSION = 5.0;
				TARGETED_DEVICE_FAMILY = "1,2";
				TEST_TARGET_NAME = SKTT;
			};
			name = Release;
		};
/* End XCBuildConfiguration section */

/* Begin XCConfigurationList section */
		4E1DAF27229F5FE3007D63A8 /* Build configuration list for PBXProject "SKTT" */ = {
			isa = XCConfigurationList;
			buildConfigurations = (
				4E1DAF52229F5FE4007D63A8 /* Debug */,
				4E1DAF53229F5FE4007D63A8 /* Release */,
			);
			defaultConfigurationIsVisible = 0;
			defaultConfigurationName = Release;
		};
		4E1DAF54229F5FE4007D63A8 /* Build configuration list for PBXNativeTarget "SKTT" */ = {
			isa = XCConfigurationList;
			buildConfigurations = (
				4E1DAF55229F5FE4007D63A8 /* Debug */,
				4E1DAF56229F5FE4007D63A8 /* Release */,
			);
			defaultConfigurationIsVisible = 0;
			defaultConfigurationName = Release;
		};
		4E1DAF57229F5FE4007D63A8 /* Build configuration list for PBXNativeTarget "SKTTTests" */ = {
			isa = XCConfigurationList;
			buildConfigurations = (
				4E1DAF58229F5FE4007D63A8 /* Debug */,
				4E1DAF59229F5FE4007D63A8 /* Release */,
			);
			defaultConfigurationIsVisible = 0;
			defaultConfigurationName = Release;
		};
		4E1DAF5A229F5FE4007D63A8 /* Build configuration list for PBXNativeTarget "SKTTUITests" */ = {
			isa = XCConfigurationList;
			buildConfigurations = (
				4E1DAF5B229F5FE4007D63A8 /* Debug */,
				4E1DAF5C229F5FE4007D63A8 /* Release */,
			);
			defaultConfigurationIsVisible = 0;
			defaultConfigurationName = Release;
		};
/* End XCConfigurationList section */
	};
	rootObject = 4E1DAF24229F5FE3007D63A8 /* Project object */;
}
